
Microsoft Visual Studio Solution File, Format Version 12.00
# Visual Studio Version 17
VisualStudioVersion = 17.5.33627.172
MinimumVisualStudioVersion = 10.0.40219.1
Project("{FAE04EC0-301F-11D3-BF4B-00C04F79EFBC}") = "BlazorTodo", "BlazorTodo\BlazorTodo.csproj", "{8081F888-3ADA-41B3-9607-32234E1A03EA}"
EndProject
Global
	GlobalSection(SolutionConfigurationPlatforms) = preSolution
		Debug|Any CPU = Debug|Any CPU
		Release|Any CPU = Release|Any CPU
	EndGlobalSection
	GlobalSection(ProjectConfigurationPlatforms) = postSolution
		{8081F888-3ADA-41B3-9607-32234E1A03EA}.Debug|Any CPU.ActiveCfg = Debug|Any CPU
		{8081F888-3ADA-41B3-9607-32234E1A03EA}.Debug|Any CPU.Build.0 = Debug|Any CPU
		{8081F888-3ADA-41B3-9607-32234E1A03EA}.Release|Any CPU.ActiveCfg = Release|Any CPU
		{8081F888-3ADA-41B3-9607-32234E1A03EA}.Release|Any CPU.Build.0 = Release|Any CPU
	EndGlobalSection
	GlobalSection(SolutionProperties) = preSolution
		HideSolutionNode = FALSE
	EndGlobalSection
	GlobalSection(ExtensibilityGlobals) = postSolution
		SolutionGuid = {698CB81E-1200-4C70-A558-1AC3BA57A0A4}
	EndGlobalSection
EndGlobal
